
Microsoft Visual Studio Solution File, Format Version 12.00
# Visual Studio Version 16
VisualStudioVersion = 16.0.30804.86
MinimumVisualStudioVersion = 10.0.40219.1
Project("{FAE04EC0-301F-11D3-BF4B-00C04F79EFBC}") = "ListPostDemo", "ListPostDemo\ListPostDemo.csproj", "{D1CC7B8F-3D81-48FC-AF3D-6678FC9A7343}"
EndProject
Global
	GlobalSection(SolutionConfigurationPlatforms) = preSolution
		Debug|Any CPU = Debug|Any CPU
		Release|Any CPU = Release|Any CPU
	EndGlobalSection
	GlobalSection(ProjectConfigurationPlatforms) = postSolution
		{D1CC7B8F-3D81-48FC-AF3D-6678FC9A7343}.Debug|Any CPU.ActiveCfg = Debug|Any CPU
		{D1CC7B8F-3D81-48FC-AF3D-6678FC9A7343}.Debug|Any CPU.Build.0 = Debug|Any CPU
		{D1CC7B8F-3D81-48FC-AF3D-6678FC9A7343}.Release|Any CPU.ActiveCfg = Release|Any CPU
		{D1CC7B8F-3D81-48FC-AF3D-6678FC9A7343}.Release|Any CPU.Build.0 = Release|Any CPU
	EndGlobalSection
	GlobalSection(SolutionProperties) = preSolution
		HideSolutionNode = FALSE
	EndGlobalSection
	GlobalSection(ExtensibilityGlobals) = postSolution
		SolutionGuid = {6760CD5D-8870-4261-B26D-02BEBB208F66}
	EndGlobalSection
EndGlobal
